<?xml version="1.0" encoding="utf-8"?>
<Project xmlns="http://schemas.microsoft.com/developer/msbuild/2003">
  <PropertyGroup>
    <ProjectGuid>{27728e98-eb9f-4ab1-a6e0-6d175f6aef37}</ProjectGuid>
    <MainSource>DUnit2.dpr</MainSource>
    <Configuration Condition=" '$(Configuration)' == '' ">Debug</Configuration>
    <Platform Condition=" '$(Platform)' == '' ">AnyCPU</Platform>
    <DCC_DCCCompiler>DCC32</DCC_DCCCompiler>
    <DCC_DependencyCheckOutputName>DUnit2.exe</DCC_DependencyCheckOutputName>
  </PropertyGroup>
  <PropertyGroup Condition=" '$(Configuration)|$(Platform)' == 'Release|AnyCPU' ">
    <Version>7.0</Version>
    <DCC_DebugInformation>False</DCC_DebugInformation>
    <DCC_LocalDebugSymbols>False</DCC_LocalDebugSymbols>
    <DCC_SymbolReferenceInfo>0</DCC_SymbolReferenceInfo>
    <DCC_DcuOutput>LibDCUs</DCC_DcuOutput>
    <DCC_ObjOutput>LibDCUs</DCC_ObjOutput>
    <DCC_HppOutput>LibDCUs</DCC_HppOutput>
    <DCC_UnitSearchPath>..\..\src;..\..\..\..\Externals\FastMM;..\..\..\..\Externals\JCL_source;..\..\..\..\Externals\JCL_windows;..\..\..\..\Externals\JCL_common</DCC_UnitSearchPath>
    <DCC_ResourcePath>..\..\src;..\..\..\..\Externals\FastMM;..\..\..\..\Externals\JCL_source;..\..\..\..\Externals\JCL_windows;..\..\..\..\Externals\JCL_common</DCC_ResourcePath>
    <DCC_ObjPath>..\..\src;..\..\..\..\Externals\FastMM;..\..\..\..\Externals\JCL_source;..\..\..\..\Externals\JCL_windows;..\..\..\..\Externals\JCL_common</DCC_ObjPath>
    <DCC_IncludePath>..\..\src;..\..\..\..\Externals\FastMM;..\..\..\..\Externals\JCL_source;..\..\..\..\Externals\JCL_windows;..\..\..\..\Externals\JCL_common</DCC_IncludePath>
    <DCC_Define>RELEASE</DCC_Define>
    <DCC_Description>GensDCUs</DCC_Description>
    <DCC_UNSAFE_TYPE>True</DCC_UNSAFE_TYPE>
    <DCC_UNSAFE_CODE>True</DCC_UNSAFE_CODE>
    <DCC_UNSAFE_CAST>True</DCC_UNSAFE_CAST>
  </PropertyGroup>
  <PropertyGroup Condition=" '$(Configuration)|$(Platform)' == 'Debug|AnyCPU' ">
    <Version>7.0</Version>
    <DCC_DebugInformation>False</DCC_DebugInformation>
    <DCC_LocalDebugSymbols>False</DCC_LocalDebugSymbols>
    <DCC_SymbolReferenceInfo>0</DCC_SymbolReferenceInfo>
    <DCC_DcuOutput>LibDCUs</DCC_DcuOutput>
    <DCC_ObjOutput>LibDCUs</DCC_ObjOutput>
    <DCC_HppOutput>LibDCUs</DCC_HppOutput>
    <DCC_UnitSearchPath>..\..\src;..\..\..\..\Externals\FastMM;..\..\..\..\Externals\JCL_source;..\..\..\..\Externals\JCL_windows;..\..\..\..\Externals\JCL_common</DCC_UnitSearchPath>
    <DCC_ResourcePath>..\..\src;..\..\..\..\Externals\FastMM;..\..\..\..\Externals\JCL_source;..\..\..\..\Externals\JCL_windows;..\..\..\..\Externals\JCL_common</DCC_ResourcePath>
    <DCC_ObjPath>..\..\src;..\..\..\..\Externals\FastMM;..\..\..\..\Externals\JCL_source;..\..\..\..\Externals\JCL_windows;..\..\..\..\Externals\JCL_common</DCC_ObjPath>
    <DCC_IncludePath>..\..\src;..\..\..\..\Externals\FastMM;..\..\..\..\Externals\JCL_source;..\..\..\..\Externals\JCL_windows;..\..\..\..\Externals\JCL_common</DCC_IncludePath>
    <DCC_Define>DEBUG</DCC_Define>
    <DCC_Description>GensDCUs</DCC_Description>
  </PropertyGroup>
  <ProjectExtensions>
    <Borland.Personality>Delphi.Personality</Borland.Personality>
    <Borland.ProjectType />
    <BorlandProject>
<BorlandProject><Delphi.Personality><Parameters><Parameters Name="UseLauncher">False</Parameters><Parameters Name="LoadAllSymbols">True</Parameters><Parameters Name="LoadUnspecifiedSymbols">False</Parameters></Parameters><VersionInfo><VersionInfo Name="IncludeVerInfo">True</VersionInfo><VersionInfo Name="AutoIncBuild">False</VersionInfo><VersionInfo Name="MajorVer">10</VersionInfo><VersionInfo Name="MinorVer">0</VersionInfo><VersionInfo Name="Release">0</VersionInfo><VersionInfo Name="Build">0</VersionInfo><VersionInfo Name="Debug">False</VersionInfo><VersionInfo Name="PreRelease">False</VersionInfo><VersionInfo Name="Special">False</VersionInfo><VersionInfo Name="Private">False</VersionInfo><VersionInfo Name="DLL">False</VersionInfo><VersionInfo Name="Locale">1033</VersionInfo><VersionInfo Name="CodePage">1252</VersionInfo></VersionInfo><VersionInfoKeys><VersionInfoKeys Name="CompanyName"></VersionInfoKeys><VersionInfoKeys Name="FileDescription"></VersionInfoKeys><VersionInfoKeys Name="FileVersion">10.0.0.0</VersionInfoKeys><VersionInfoKeys Name="InternalName"></VersionInfoKeys><VersionInfoKeys Name="LegalCopyright"></VersionInfoKeys><VersionInfoKeys Name="LegalTrademarks"></VersionInfoKeys><VersionInfoKeys Name="OriginalFilename"></VersionInfoKeys><VersionInfoKeys Name="ProductName"></VersionInfoKeys><VersionInfoKeys Name="ProductVersion">1.0.0.0</VersionInfoKeys><VersionInfoKeys Name="Comments"></VersionInfoKeys></VersionInfoKeys><Source><Source Name="MainSource">DUnit2.dpr</Source></Source></Delphi.Personality></BorlandProject></BorlandProject>
  </ProjectExtensions>
  <Import Project="$(MSBuildBinPath)\Borland.Delphi.Targets" />
  <ItemGroup>
    <DelphiCompile Include="DUnit2.dpr">
      <MainSource>MainSource</MainSource>
    </DelphiCompile>
    <DCCReference Include="..\..\src\GUITesting.pas" />
    <DCCReference Include="..\..\src\GUITestRunner.pas" />
    <DCCReference Include="..\..\src\ProjectsManager.pas" />
    <DCCReference Include="..\..\src\ProjectsManagerIface.pas" />
    <DCCReference Include="..\..\src\TestExtensions.pas" />
    <DCCReference Include="..\..\src\TestFramework.pas" />
    <DCCReference Include="..\..\src\TestFrameworkIfaces.pas" />
    <DCCReference Include="..\..\src\TestFrameworkProxy.pas" />
    <DCCReference Include="..\..\src\TestFrameworkProxyIfaces.pas" />
    <DCCReference Include="..\..\src\TestListenerIface.pas" />
    <DCCReference Include="..\..\src\TestModules.pas" />
    <DCCReference Include="..\..\src\TextTestRunner.pas" />
    <DCCReference Include="..\..\src\XMLListener.pas" />
    <DCCReference Include="..\..\src\XPVistaSupport.pas" />
  </ItemGroup>
</Project>