<?xml version="1.0" encoding="utf-8"?>
<Project xmlns="http://schemas.microsoft.com/developer/msbuild/2003">
  <PropertyGroup>
    <ProjectGuid>{3fec3331-e735-4b92-b490-da8b63ae89a3}</ProjectGuid>
    <MainSource>DUnitTestInspector.dpk</MainSource>
    <Configuration Condition=" '$(Configuration)' == ''">Debug</Configuration>
    <Platform Condition=" '$(Platform)' == ''">AnyCPU</Platform>
    <DCC_DCCCompiler>DCC32</DCC_DCCCompiler>
    <DCC_DependencyCheckOutputName>_bin\DUnitTestInspector.bpl</DCC_DependencyCheckOutputName>
    <Configuration Condition=" '$(Configuration)' == '' ">Debug</Configuration>
    <Platform Condition=" '$(Platform)' == '' ">AnyCPU</Platform>
  </PropertyGroup>
  <PropertyGroup Condition=" '$(Configuration)|$(Platform)' == 'Release|AnyCPU'">
    <Version>7.0</Version>
    <DCC_DebugInformation>False</DCC_DebugInformation>
    <DCC_LocalDebugSymbols>False</DCC_LocalDebugSymbols>
    <DCC_SymbolReferenceInfo>0</DCC_SymbolReferenceInfo>
    <DCC_Define>RELEASE</DCC_Define>
  </PropertyGroup>
  <PropertyGroup Condition=" '$(Configuration)|$(Platform)' == 'Debug|AnyCPU'">
    <Version>7.0</Version>
    <DCC_UnitSearchPath>$(BDS)\source\ToolsAPI</DCC_UnitSearchPath>
    <DCC_ResourcePath>$(BDS)\source\ToolsAPI</DCC_ResourcePath>
    <DCC_ObjPath>$(BDS)\source\ToolsAPI</DCC_ObjPath>
    <DCC_IncludePath>$(BDS)\source\ToolsAPI</DCC_IncludePath>
    <DCC_DcuOutput>_dcu</DCC_DcuOutput>
    <DCC_ObjOutput>_dcu</DCC_ObjOutput>
    <DCC_HppOutput>_dcu</DCC_HppOutput>
    <DCC_BplOutput>_bin</DCC_BplOutput>
    <DCC_DcpOutput>_bin</DCC_DcpOutput>
  </PropertyGroup>
  <PropertyGroup Condition=" '$(Configuration)|$(Platform)' == 'Debug|AnyCPU' ">
    <Version>7.0</Version>
    <DCC_DcuOutput>_dcu</DCC_DcuOutput>
    <DCC_ObjOutput>_dcu</DCC_ObjOutput>
    <DCC_HppOutput>_dcu</DCC_HppOutput>
    <DCC_BplOutput>_bin</DCC_BplOutput>
    <DCC_DcpOutput>_bin</DCC_DcpOutput>
    <DCC_UnitSearchPath>_bin;..\..\externals\jcl\source\include</DCC_UnitSearchPath>
    <DCC_ResourcePath>_bin;..\..\externals\jcl\source\include</DCC_ResourcePath>
    <DCC_ObjPath>_bin;..\..\externals\jcl\source\include</DCC_ObjPath>
    <DCC_IncludePath>_bin;..\..\externals\jcl\source\include</DCC_IncludePath>
  </PropertyGroup>
  <ProjectExtensions>
    <Borland.Personality>Delphi.Personality</Borland.Personality>
    <Borland.ProjectType>Package</Borland.ProjectType>
    <BorlandProject>
<BorlandProject><Delphi.Personality><Parameters><Parameters Name="UseLauncher">False</Parameters><Parameters Name="LoadAllSymbols">True</Parameters><Parameters Name="LoadUnspecifiedSymbols">False</Parameters></Parameters><Package_Options><Package_Options Name="ImplicitBuild">True</Package_Options><Package_Options Name="DesigntimeOnly">True</Package_Options><Package_Options Name="RuntimeOnly">False</Package_Options><Package_Options Name="PackageDescription">DUnit Test Inspector</Package_Options></Package_Options><VersionInfo><VersionInfo Name="IncludeVerInfo">True</VersionInfo><VersionInfo Name="AutoIncBuild">False</VersionInfo><VersionInfo Name="MajorVer">1</VersionInfo><VersionInfo Name="MinorVer">0</VersionInfo><VersionInfo Name="Release">0</VersionInfo><VersionInfo Name="Build">0</VersionInfo><VersionInfo Name="Debug">False</VersionInfo><VersionInfo Name="PreRelease">False</VersionInfo><VersionInfo Name="Special">False</VersionInfo><VersionInfo Name="Private">False</VersionInfo><VersionInfo Name="DLL">False</VersionInfo><VersionInfo Name="Locale">3081</VersionInfo><VersionInfo Name="CodePage">1252</VersionInfo></VersionInfo><VersionInfoKeys><VersionInfoKeys Name="CompanyName"></VersionInfoKeys><VersionInfoKeys Name="FileDescription"></VersionInfoKeys><VersionInfoKeys Name="FileVersion">1.0.0.0</VersionInfoKeys><VersionInfoKeys Name="InternalName"></VersionInfoKeys><VersionInfoKeys Name="LegalCopyright"></VersionInfoKeys><VersionInfoKeys Name="LegalTrademarks"></VersionInfoKeys><VersionInfoKeys Name="OriginalFilename"></VersionInfoKeys><VersionInfoKeys Name="ProductName"></VersionInfoKeys><VersionInfoKeys Name="ProductVersion">1.0.0.0</VersionInfoKeys><VersionInfoKeys Name="Comments"></VersionInfoKeys></VersionInfoKeys><Source><Source Name="MainSource">DUnitTestInspector.dpk</Source></Source><Excluded_Packages>
      
      
      
      
      
      
      <Excluded_Packages Name="$(BDS)\bin\dclofficexp100.bpl">Microsoft Office XP Sample
            Automation Server Wrapper Components</Excluded_Packages>
      <Excluded_Packages Name="$(BDS)\bin\dcloffice2k100.bpl">Microsoft Office 2000 Sample
            Automation Server Wrapper Components</Excluded_Packages>
    </Excluded_Packages></Delphi.Personality></BorlandProject></BorlandProject>
  </ProjectExtensions>
  <Import Project="$(MSBuildBinPath)\Borland.Delphi.Targets" />
  <ItemGroup>
    <DelphiCompile Include="DUnitTestInspector.dpk">
      <MainSource>MainSource</MainSource>
    </DelphiCompile>
    <DCCReference Include="..\..\src\plugin.testInspector\main.pas" />
    <DCCReference Include="..\..\src\watchFile.pas" />
    <DCCReference Include="designide.dcp" />
    <DCCReference Include="OTAUtils.dcp" />
    <DCCReference Include="rtl.dcp" />
  </ItemGroup>
</Project>
